// !$*UTF8*$!
{
	archiveVersion = 1;
	classes = {
	};
	objectVersion = 46;
	objects = {

/* Begin PBXBuildFile section */
		AC0323261C8632FA00FB069F /* res in Resources */ = {isa = PBXBuildFile; fileRef = AC0323241C8632EF00FB069F /* res */; };
		AC03232D1C86336E00FB069F /* liblib-core.a in Frameworks */ = {isa = PBXBuildFile; fileRef = AC03232C1C86336600FB069F /* liblib-core.a */; };
		AC2400B01C8359DD005C6DF6 /* OpenGLES.framework in Frameworks */ = {isa = PBXBuildFile; fileRef = AC2400AF1C8359DD005C6DF6 /* OpenGLES.framework */; };
		AC2400B21C8359E3005C6DF6 /* GLKit.framework in Frameworks */ = {isa = PBXBuildFile; fileRef = AC2400B11C8359E3005C6DF6 /* GLKit.framework */; };
		ACD3BDF11C86357B00000A26 /* main.m in Sources */ = {isa = PBXBuildFile; fileRef = ACD3BDF01C86357B00000A26 /* main.m */; };
		ACD3BDF61C86359500000A26 /* AppDelegate.m in Sources */ = {isa = PBXBuildFile; fileRef = ACD3BDF31C86359500000A26 /* AppDelegate.m */; };
		ACD3BDF71C86359500000A26 /* GameViewController.mm in Sources */ = {isa = PBXBuildFile; fileRef = ACD3BDF51C86359500000A26 /* GameViewController.mm */; };
		ACD3BDFE1C8635B300000A26 /* LaunchScreen.storyboard in Resources */ = {isa = PBXBuildFile; fileRef = ACD3BDFA1C8635B300000A26 /* LaunchScreen.storyboard */; };
		ACD3BDFF1C8635B300000A26 /* Main.storyboard in Resources */ = {isa = PBXBuildFile; fileRef = ACD3BDFC1C8635B300000A26 /* Main.storyboard */; };
		ACD3BE011C8635E000000A26 /* Assets.xcassets in Resources */ = {isa = PBXBuildFile; fileRef = ACD3BE001C8635E000000A26 /* Assets.xcassets */; };
/* End PBXBuildFile section */

/* Begin PBXContainerItemProxy section */
		AC03232B1C86336600FB069F /* PBXContainerItemProxy */ = {
			isa = PBXContainerItemProxy;
			containerPortal = AC0323271C86336600FB069F /* lib-core.xcodeproj */;
			proxyType = 2;
			remoteGlobalIDString = 1382709A82C501D560CD97FA;
			remoteInfo = "lib-core";
		};
		ACEC8AA01C8656FF001FA72B /* PBXContainerItemProxy */ = {
			isa = PBXContainerItemProxy;
			containerPortal = AC0323271C86336600FB069F /* lib-core.xcodeproj */;
			proxyType = 1;
			remoteGlobalIDString = 721370A77BAD2D7C8A7A659E;
			remoteInfo = "lib-core";
		};
/* End PBXContainerItemProxy section */

/* Begin PBXFileReference section */
		AC0323241C8632EF00FB069F /* res */ = {isa = PBXFileReference; lastKnownFileType = folder; name = res; path = ../lib/res; sourceTree = "<group>"; };
		AC0323271C86336600FB069F /* lib-core.xcodeproj */ = {isa = PBXFileReference; lastKnownFileType = "wrapper.pb-project"; path = "lib-core.xcodeproj"; sourceTree = "<group>"; };
		AC2400AF1C8359DD005C6DF6 /* OpenGLES.framework */ = {isa = PBXFileReference; lastKnownFileType = wrapper.framework; name = OpenGLES.framework; path = System/Library/Frameworks/OpenGLES.framework; sourceTree = SDKROOT; };
		AC2400B11C8359E3005C6DF6 /* GLKit.framework */ = {isa = PBXFileReference; lastKnownFileType = wrapper.framework; name = GLKit.framework; path = System/Library/Frameworks/GLKit.framework; sourceTree = SDKROOT; };
		AC3E69D41C83573500AAAC4F /* app-ios.app */ = {isa = PBXFileReference; explicitFileType = wrapper.application; includeInIndex = 0; path = "app-ios.app"; sourceTree = BUILT_PRODUCTS_DIR; };
		ACD3BDF01C86357B00000A26 /* main.m */ = {isa = PBXFileReference; fileEncoding = 4; lastKnownFileType = sourcecode.c.objc; path = main.m; sourceTree = SOURCE_ROOT; };
		ACD3BDF21C86359500000A26 /* AppDelegate.h */ = {isa = PBXFileReference; fileEncoding = 4; lastKnownFileType = sourcecode.c.h; path = AppDelegate.h; sourceTree = SOURCE_ROOT; };
		ACD3BDF31C86359500000A26 /* AppDelegate.m */ = {isa = PBXFileReference; fileEncoding = 4; lastKnownFileType = sourcecode.c.objc; path = AppDelegate.m; sourceTree = SOURCE_ROOT; };
		ACD3BDF41C86359500000A26 /* GameViewController.h */ = {isa = PBXFileReference; fileEncoding = 4; lastKnownFileType = sourcecode.c.h; path = GameViewController.h; sourceTree = SOURCE_ROOT; };
		ACD3BDF51C86359500000A26 /* GameViewController.mm */ = {isa = PBXFileReference; fileEncoding = 4; lastKnownFileType = sourcecode.cpp.objcpp; path = GameViewController.mm; sourceTree = SOURCE_ROOT; };
		ACD3BDFB1C8635B300000A26 /* Base */ = {isa = PBXFileReference; lastKnownFileType = file.storyboard; name = Base; path = Base.lproj/LaunchScreen.storyboard; sourceTree = SOURCE_ROOT; };
		ACD3BDFD1C8635B300000A26 /* Base */ = {isa = PBXFileReference; lastKnownFileType = file.storyboard; name = Base; path = Base.lproj/Main.storyboard; sourceTree = SOURCE_ROOT; };
		ACD3BE001C8635E000000A26 /* Assets.xcassets */ = {isa = PBXFileReference; lastKnownFileType = folder.assetcatalog; path = Assets.xcassets; sourceTree = SOURCE_ROOT; };
		ACD3BE021C86361C00000A26 /* Info.plist */ = {isa = PBXFileReference; fileEncoding = 4; lastKnownFileType = text.plist.xml; path = Info.plist; sourceTree = SOURCE_ROOT; };
/* End PBXFileReference section */

/* Begin PBXFrameworksBuildPhase section */
		AC3E69D11C83573500AAAC4F /* Frameworks */ = {
			isa = PBXFrameworksBuildPhase;
			buildActionMask = 2147483647;
			files = (
				AC03232D1C86336E00FB069F /* liblib-core.a in Frameworks */,
				AC2400B21C8359E3005C6DF6 /* GLKit.framework in Frameworks */,
				AC2400B01C8359DD005C6DF6 /* OpenGLES.framework in Frameworks */,
			);
			runOnlyForDeploymentPostprocessing = 0;
		};
/* End PBXFrameworksBuildPhase section */

/* Begin PBXGroup section */
		AC0323281C86336600FB069F /* Products */ = {
			isa = PBXGroup;
			children = (
				AC03232C1C86336600FB069F /* liblib-core.a */,
			);
			name = Products;
			sourceTree = "<group>";
		};
		AC3E69CB1C83573500AAAC4F = {
			isa = PBXGroup;
			children = (
				AC0323271C86336600FB069F /* lib-core.xcodeproj */,
				AC2400B11C8359E3005C6DF6 /* GLKit.framework */,
				AC2400AF1C8359DD005C6DF6 /* OpenGLES.framework */,
				AC3E69D51C83573500AAAC4F /* Products */,
				AC3E69D61C83573500AAAC4F /* app-ios */,
				AC0323241C8632EF00FB069F /* res */,
			);
			sourceTree = "<group>";
		};
		AC3E69D51C83573500AAAC4F /* Products */ = {
			isa = PBXGroup;
			children = (
				AC3E69D41C83573500AAAC4F /* app-ios.app */,
			);
			name = Products;
			sourceTree = "<group>";
		};
		AC3E69D61C83573500AAAC4F /* app-ios */ = {
			isa = PBXGroup;
			children = (
				AC3E69D71C83573500AAAC4F /* Supporting Files */,
				ACD3BDF21C86359500000A26 /* AppDelegate.h */,
				ACD3BDF31C86359500000A26 /* AppDelegate.m */,
				ACD3BE021C86361C00000A26 /* Info.plist */,
				ACD3BDF41C86359500000A26 /* GameViewController.h */,
				ACD3BDF51C86359500000A26 /* GameViewController.mm */,
				ACD3BE001C8635E000000A26 /* Assets.xcassets */,
				ACD3BDFA1C8635B300000A26 /* LaunchScreen.storyboard */,
				ACD3BDFC1C8635B300000A26 /* Main.storyboard */,
			);
			path = "app-ios";
			sourceTree = "<group>";
		};
		AC3E69D71C83573500AAAC4F /* Supporting Files */ = {
			isa = PBXGroup;
			children = (
				ACD3BDF01C86357B00000A26 /* main.m */,
			);
			name = "Supporting Files";
			sourceTree = "<group>";
		};
/* End PBXGroup section */

/* Begin PBXNativeTarget section */
		AC3E69D31C83573500AAAC4F /* app-ios */ = {
			isa = PBXNativeTarget;
			buildConfigurationList = AC3E69EF1C83573500AAAC4F /* Build configuration list for PBXNativeTarget "app-ios" */;
			buildPhases = (
				AC3E69D01C83573500AAAC4F /* Sources */,
				AC3E69D11C83573500AAAC4F /* Frameworks */,
				AC3E69D21C83573500AAAC4F /* Resources */,
			);
			buildRules = (
			);
			dependencies = (
				ACEC8AA11C8656FF001FA72B /* PBXTargetDependency */,
			);
			name = "app-ios";
			productName = "app-ios";
			productReference = AC3E69D41C83573500AAAC4F /* app-ios.app */;
			productType = "com.apple.product-type.application";
		};
/* End PBXNativeTarget section */

/* Begin PBXProject section */
		AC3E69CC1C83573500AAAC4F /* Project object */ = {
			isa = PBXProject;
			attributes = {
				LastUpgradeCheck = 0720;
				ORGANIZATIONNAME = Vinz;
				TargetAttributes = {
					AC3E69D31C83573500AAAC4F = {
						CreatedOnToolsVersion = 7.2.1;
						DevelopmentTeam = 62WFHJ3WQX;
					};
				};
			};
			buildConfigurationList = AC3E69CF1C83573500AAAC4F /* Build configuration list for PBXProject "app-ios" */;
			compatibilityVersion = "Xcode 3.2";
			developmentRegion = English;
			hasScannedForEncodings = 0;
			knownRegions = (
				en,
				Base,
			);
			mainGroup = AC3E69CB1C83573500AAAC4F;
			productRefGroup = AC3E69D51C83573500AAAC4F /* Products */;
			projectDirPath = "";
			projectReferences = (
				{
					ProductGroup = AC0323281C86336600FB069F /* Products */;
					ProjectRef = AC0323271C86336600FB069F /* lib-core.xcodeproj */;
				},
			);
			projectRoot = "";
			targets = (
				AC3E69D31C83573500AAAC4F /* app-ios */,
			);
		};
/* End PBXProject section */

/* Begin PBXReferenceProxy section */
		AC03232C1C86336600FB069F /* liblib-core.a */ = {
			isa = PBXReferenceProxy;
			fileType = archive.ar;
			path = "liblib-core.a";
			remoteRef = AC03232B1C86336600FB069F /* PBXContainerItemProxy */;
			sourceTree = BUILT_PRODUCTS_DIR;
		};
/* End PBXReferenceProxy section */

/* Begin PBXResourcesBuildPhase section */
		AC3E69D21C83573500AAAC4F /* Resources */ = {
			isa = PBXResourcesBuildPhase;
			buildActionMask = 2147483647;
			files = (
				ACD3BE011C8635E000000A26 /* Assets.xcassets in Resources */,
				AC0323261C8632FA00FB069F /* res in Resources */,
				ACD3BDFF1C8635B300000A26 /* Main.storyboard in Resources */,
				ACD3BDFE1C8635B300000A26 /* LaunchScreen.storyboard in Resources */,
			);
			runOnlyForDeploymentPostprocessing = 0;
		};
/* End PBXResourcesBuildPhase section */

/* Begin PBXSourcesBuildPhase section */
		AC3E69D01C83573500AAAC4F /* Sources */ = {
			isa = PBXSourcesBuildPhase;
			buildActionMask = 2147483647;
			files = (
				ACD3BDF71C86359500000A26 /* GameViewController.mm in Sources */,
				ACD3BDF61C86359500000A26 /* AppDelegate.m in Sources */,
				ACD3BDF11C86357B00000A26 /* main.m in Sources */,
			);
			runOnlyForDeploymentPostprocessing = 0;
		};
/* End PBXSourcesBuildPhase section */

/* Begin PBXTargetDependency section */
		ACEC8AA11C8656FF001FA72B /* PBXTargetDependency */ = {
			isa = PBXTargetDependency;
			name = "lib-core";
			targetProxy = ACEC8AA01C8656FF001FA72B /* PBXContainerItemProxy */;
		};
/* End PBXTargetDependency section */

/* Begin PBXVariantGroup section */
		ACD3BDFA1C8635B300000A26 /* LaunchScreen.storyboard */ = {
			isa = PBXVariantGroup;
			children = (
				ACD3BDFB1C8635B300000A26 /* Base */,
			);
			name = LaunchScreen.storyboard;
			sourceTree = "<group>";
		};
		ACD3BDFC1C8635B300000A26 /* Main.storyboard */ = {
			isa = PBXVariantGroup;
			children = (
				ACD3BDFD1C8635B300000A26 /* Base */,
			);
			name = Main.storyboard;
			sourceTree = "<group>";
		};
/* End PBXVariantGroup section */

/* Begin XCBuildConfiguration section */
		AC3E69ED1C83573500AAAC4F /* Debug */ = {
			isa = XCBuildConfiguration;
			buildSettings = {
				ALWAYS_SEARCH_USER_PATHS = NO;
				CLANG_CXX_LANGUAGE_STANDARD = "gnu++0x";
				CLANG_CXX_LIBRARY = "libc++";
				CLANG_ENABLE_MODULES = YES;
				CLANG_ENABLE_OBJC_ARC = YES;
				CLANG_WARN_BOOL_CONVERSION = YES;
				CLANG_WARN_CONSTANT_CONVERSION = YES;
				CLANG_WARN_DIRECT_OBJC_ISA_USAGE = YES_ERROR;
				CLANG_WARN_EMPTY_BODY = YES;
				CLANG_WARN_ENUM_CONVERSION = YES;
				CLANG_WARN_INT_CONVERSION = YES;
				CLANG_WARN_OBJC_ROOT_CLASS = YES_ERROR;
				CLANG_WARN_UNREACHABLE_CODE = YES;
				CLANG_WARN__DUPLICATE_METHOD_MATCH = YES;
				"CODE_SIGN_IDENTITY[sdk=iphoneos*]" = "iPhone Developer";
				COPY_PHASE_STRIP = NO;
				DEBUG_INFORMATION_FORMAT = "dwarf-with-dsym";
				ENABLE_STRICT_OBJC_MSGSEND = YES;
				ENABLE_TESTABILITY = YES;
				GCC_C_LANGUAGE_STANDARD = gnu99;
				GCC_DYNAMIC_NO_PIC = NO;
				GCC_NO_COMMON_BLOCKS = YES;
				GCC_OPTIMIZATION_LEVEL = 0;
				GCC_PREPROCESSOR_DEFINITIONS = (
					"DEBUG=1",
					"$(inherited)",
				);
				GCC_WARN_64_TO_32_BIT_CONVERSION = YES;
				GCC_WARN_ABOUT_RETURN_TYPE = YES_ERROR;
				GCC_WARN_UNDECLARED_SELECTOR = YES;
				GCC_WARN_UNINITIALIZED_AUTOS = YES_AGGRESSIVE;
				GCC_WARN_UNUSED_FUNCTION = YES;
				GCC_WARN_UNUSED_VARIABLE = YES;
				IPHONEOS_DEPLOYMENT_TARGET = 9.2;
				MTL_ENABLE_DEBUG_INFO = YES;
				ONLY_ACTIVE_ARCH = YES;
				SDKROOT = iphoneos;
				SYMROOT = out;
				TARGETED_DEVICE_FAMILY = "1,2";
			};
			name = Debug;
		};
		AC3E69EE1C83573500AAAC4F /* Release */ = {
			isa = XCBuildConfiguration;
			buildSettings = {
				ALWAYS_SEARCH_USER_PATHS = NO;
				CLANG_CXX_LANGUAGE_STANDARD = "gnu++0x";
				CLANG_CXX_LIBRARY = "libc++";
				CLANG_ENABLE_MODULES = YES;
				CLANG_ENABLE_OBJC_ARC = YES;
				CLANG_WARN_BOOL_CONVERSION = YES;
				CLANG_WARN_CONSTANT_CONVERSION = YES;
				CLANG_WARN_DIRECT_OBJC_ISA_USAGE = YES_ERROR;
				CLANG_WARN_EMPTY_BODY = YES;
				CLANG_WARN_ENUM_CONVERSION = YES;
				CLANG_WARN_INT_CONVERSION = YES;
				CLANG_WARN_OBJC_ROOT_CLASS = YES_ERROR;
				CLANG_WARN_UNREACHABLE_CODE = YES;
				CLANG_WARN__DUPLICATE_METHOD_MATCH = YES;
				"CODE_SIGN_IDENTITY[sdk=iphoneos*]" = "iPhone Developer";
				COPY_PHASE_STRIP = NO;
				DEBUG_INFORMATION_FORMAT = "dwarf-with-dsym";
				ENABLE_NS_ASSERTIONS = NO;
				ENABLE_STRICT_OBJC_MSGSEND = YES;
				GCC_C_LANGUAGE_STANDARD = gnu99;
				GCC_NO_COMMON_BLOCKS = YES;
				GCC_WARN_64_TO_32_BIT_CONVERSION = YES;
				GCC_WARN_ABOUT_RETURN_TYPE = YES_ERROR;
				GCC_WARN_UNDECLARED_SELECTOR = YES;
				GCC_WARN_UNINITIALIZED_AUTOS = YES_AGGRESSIVE;
				GCC_WARN_UNUSED_FUNCTION = YES;
				GCC_WARN_UNUSED_VARIABLE = YES;
				IPHONEOS_DEPLOYMENT_TARGET = 9.2;
				MTL_ENABLE_DEBUG_INFO = NO;
				SDKROOT = iphoneos;
				SYMROOT = out;
				TARGETED_DEVICE_FAMILY = "1,2";
				VALIDATE_PRODUCT = YES;
			};
			name = Release;
		};
		AC3E69F01C83573500AAAC4F /* Debug */ = {
			isa = XCBuildConfiguration;
			buildSettings = {
				ASSETCATALOG_COMPILER_APPICON_NAME = AppIcon;
				HEADER_SEARCH_PATHS = ../lib/inc;
				INFOPLIST_FILE = Info.plist;
				LD_RUNPATH_SEARCH_PATHS = "$(inherited) @executable_path/Frameworks";
				PRODUCT_BUNDLE_IDENTIFIER = "vinz.app-ios";
				PRODUCT_NAME = "$(TARGET_NAME)";
				SYMROOT = ../out;
			};
			name = Debug;
		};
		AC3E69F11C83573500AAAC4F /* Release */ = {
			isa = XCBuildConfiguration;
			buildSettings = {
				ASSETCATALOG_COMPILER_APPICON_NAME = AppIcon;
				HEADER_SEARCH_PATHS = ../lib/inc;
				INFOPLIST_FILE = Info.plist;
				LD_RUNPATH_SEARCH_PATHS = "$(inherited) @executable_path/Frameworks";
				PRODUCT_BUNDLE_IDENTIFIER = "vinz.app-ios";
				PRODUCT_NAME = "$(TARGET_NAME)";
				SYMROOT = ../out;
			};
			name = Release;
		};
/* End XCBuildConfiguration section */

/* Begin XCConfigurationList section */
		AC3E69CF1C83573500AAAC4F /* Build configuration list for PBXProject "app-ios" */ = {
			isa = XCConfigurationList;
			buildConfigurations = (
				AC3E69ED1C83573500AAAC4F /* Debug */,
				AC3E69EE1C83573500AAAC4F /* Release */,
			);
			defaultConfigurationIsVisible = 0;
			defaultConfigurationName = Release;
		};
		AC3E69EF1C83573500AAAC4F /* Build configuration list for PBXNativeTarget "app-ios" */ = {
			isa = XCConfigurationList;
			buildConfigurations = (
				AC3E69F01C83573500AAAC4F /* Debug */,
				AC3E69F11C83573500AAAC4F /* Release */,
			);
			defaultConfigurationIsVisible = 0;
			defaultConfigurationName = Release;
		};
/* End XCConfigurationList section */
	};
	rootObject = AC3E69CC1C83573500AAAC4F /* Project object */;
}
